// !$*UTF8*$!
{
	archiveVersion = 1;
	classes = {
	};
	objectVersion = 46;
	objects = {

/* Begin PBXBuildFile section */
		C22607491CB3A6A300AC91BD /* main.m in Sources */ = {isa = PBXBuildFile; fileRef = C22607481CB3A6A300AC91BD /* main.m */; };
		C226074C1CB3A6A300AC91BD /* AppDelegate.m in Sources */ = {isa = PBXBuildFile; fileRef = C226074B1CB3A6A300AC91BD /* AppDelegate.m */; };
		C226074F1CB3A6A300AC91BD /* ViewController.m in Sources */ = {isa = PBXBuildFile; fileRef = C226074E1CB3A6A300AC91BD /* ViewController.m */; };
		C22607521CB3A6A300AC91BD /* Main.storyboard in Resources */ = {isa = PBXBuildFile; fileRef = C22607501CB3A6A300AC91BD /* Main.storyboard */; };
		C22607541CB3A6A300AC91BD /* Assets.xcassets in Resources */ = {isa = PBXBuildFile; fileRef = C22607531CB3A6A300AC91BD /* Assets.xcassets */; };
		C22607571CB3A6A300AC91BD /* LaunchScreen.storyboard in Resources */ = {isa = PBXBuildFile; fileRef = C22607551CB3A6A300AC91BD /* LaunchScreen.storyboard */; };
		C22607621CB3A6A300AC91BD /* ____Tests.m in Sources */ = {isa = PBXBuildFile; fileRef = C22607611CB3A6A300AC91BD /* ____Tests.m */; };
		C226076D1CB3A6A300AC91BD /* ____UITests.m in Sources */ = {isa = PBXBuildFile; fileRef = C226076C1CB3A6A300AC91BD /* ____UITests.m */; };
/* End PBXBuildFile section */

/* Begin PBXContainerItemProxy section */
		C226075E1CB3A6A300AC91BD /* PBXContainerItemProxy */ = {
			isa = PBXContainerItemProxy;
			containerPortal = C226073C1CB3A6A300AC91BD /* Project object */;
			proxyType = 1;
			remoteGlobalIDString = C22607431CB3A6A300AC91BD;
			remoteInfo = "侧滑删除";
		};
		C22607691CB3A6A300AC91BD /* PBXContainerItemProxy */ = {
			isa = PBXContainerItemProxy;
			containerPortal = C226073C1CB3A6A300AC91BD /* Project object */;
			proxyType = 1;
			remoteGlobalIDString = C22607431CB3A6A300AC91BD;
			remoteInfo = "侧滑删除";
		};
/* End PBXContainerItemProxy section */

/* Begin PBXFileReference section */
		C22607441CB3A6A300AC91BD /* 侧滑删除.app */ = {isa = PBXFileReference; explicitFileType = wrapper.application; includeInIndex = 0; path = "侧滑删除.app"; sourceTree = BUILT_PRODUCTS_DIR; };
		C22607481CB3A6A300AC91BD /* main.m */ = {isa = PBXFileReference; lastKnownFileType = sourcecode.c.objc; path = main.m; sourceTree = "<group>"; };
		C226074A1CB3A6A300AC91BD /* AppDelegate.h */ = {isa = PBXFileReference; lastKnownFileType = sourcecode.c.h; path = AppDelegate.h; sourceTree = "<group>"; };
		C226074B1CB3A6A300AC91BD /* AppDelegate.m */ = {isa = PBXFileReference; lastKnownFileType = sourcecode.c.objc; path = AppDelegate.m; sourceTree = "<group>"; };
		C226074D1CB3A6A300AC91BD /* ViewController.h */ = {isa = PBXFileReference; lastKnownFileType = sourcecode.c.h; path = ViewController.h; sourceTree = "<group>"; };
		C226074E1CB3A6A300AC91BD /* ViewController.m */ = {isa = PBXFileReference; lastKnownFileType = sourcecode.c.objc; path = ViewController.m; sourceTree = "<group>"; };
		C22607511CB3A6A300AC91BD /* Base */ = {isa = PBXFileReference; lastKnownFileType = file.storyboard; name = Base; path = Base.lproj/Main.storyboard; sourceTree = "<group>"; };
		C22607531CB3A6A300AC91BD /* Assets.xcassets */ = {isa = PBXFileReference; lastKnownFileType = folder.assetcatalog; path = Assets.xcassets; sourceTree = "<group>"; };
		C22607561CB3A6A300AC91BD /* Base */ = {isa = PBXFileReference; lastKnownFileType = file.storyboard; name = Base; path = Base.lproj/LaunchScreen.storyboard; sourceTree = "<group>"; };
		C22607581CB3A6A300AC91BD /* Info.plist */ = {isa = PBXFileReference; lastKnownFileType = text.plist.xml; path = Info.plist; sourceTree = "<group>"; };
		C226075D1CB3A6A300AC91BD /* 侧滑删除Tests.xctest */ = {isa = PBXFileReference; explicitFileType = wrapper.cfbundle; includeInIndex = 0; path = "侧滑删除Tests.xctest"; sourceTree = BUILT_PRODUCTS_DIR; };
		C22607611CB3A6A300AC91BD /* ____Tests.m */ = {isa = PBXFileReference; lastKnownFileType = sourcecode.c.objc; path = "____Tests.m"; sourceTree = "<group>"; };
		C22607631CB3A6A300AC91BD /* Info.plist */ = {isa = PBXFileReference; lastKnownFileType = text.plist.xml; path = Info.plist; sourceTree = "<group>"; };
		C22607681CB3A6A300AC91BD /* 侧滑删除UITests.xctest */ = {isa = PBXFileReference; explicitFileType = wrapper.cfbundle; includeInIndex = 0; path = "侧滑删除UITests.xctest"; sourceTree = BUILT_PRODUCTS_DIR; };
		C226076C1CB3A6A300AC91BD /* ____UITests.m */ = {isa = PBXFileReference; lastKnownFileType = sourcecode.c.objc; path = "____UITests.m"; sourceTree = "<group>"; };
		C226076E1CB3A6A300AC91BD /* Info.plist */ = {isa = PBXFileReference; lastKnownFileType = text.plist.xml; path = Info.plist; sourceTree = "<group>"; };
/* End PBXFileReference section */

/* Begin PBXFrameworksBuildPhase section */
		C22607411CB3A6A300AC91BD /* Frameworks */ = {
			isa = PBXFrameworksBuildPhase;
			buildActionMask = 2147483647;
			files = (
			);
			runOnlyForDeploymentPostprocessing = 0;
		};
		C226075A1CB3A6A300AC91BD /* Frameworks */ = {
			isa = PBXFrameworksBuildPhase;
			buildActionMask = 2147483647;
			files = (
			);
			runOnlyForDeploymentPostprocessing = 0;
		};
		C22607651CB3A6A300AC91BD /* Frameworks */ = {
			isa = PBXFrameworksBuildPhase;
			buildActionMask = 2147483647;
			files = (
			);
			runOnlyForDeploymentPostprocessing = 0;
		};
/* End PBXFrameworksBuildPhase section */

/* Begin PBXGroup section */
		C226073B1CB3A6A300AC91BD = {
			isa = PBXGroup;
			children = (
				C22607461CB3A6A300AC91BD /* 侧滑删除 */,
				C22607601CB3A6A300AC91BD /* 侧滑删除Tests */,
				C226076B1CB3A6A300AC91BD /* 侧滑删除UITests */,
				C22607451CB3A6A300AC91BD /* Products */,
			);
			sourceTree = "<group>";
		};
		C22607451CB3A6A300AC91BD /* Products */ = {
			isa = PBXGroup;
			children = (
				C22607441CB3A6A300AC91BD /* 侧滑删除.app */,
				C226075D1CB3A6A300AC91BD /* 侧滑删除Tests.xctest */,
				C22607681CB3A6A300AC91BD /* 侧滑删除UITests.xctest */,
			);
			name = Products;
			sourceTree = "<group>";
		};
		C22607461CB3A6A300AC91BD /* 侧滑删除 */ = {
			isa = PBXGroup;
			children = (
				C226074A1CB3A6A300AC91BD /* AppDelegate.h */,
				C226074B1CB3A6A300AC91BD /* AppDelegate.m */,
				C226074D1CB3A6A300AC91BD /* ViewController.h */,
				C226074E1CB3A6A300AC91BD /* ViewController.m */,
				C22607501CB3A6A300AC91BD /* Main.storyboard */,
				C22607531CB3A6A300AC91BD /* Assets.xcassets */,
				C22607551CB3A6A300AC91BD /* LaunchScreen.storyboard */,
				C22607581CB3A6A300AC91BD /* Info.plist */,
				C22607471CB3A6A300AC91BD /* Supporting Files */,
			);
			path = "侧滑删除";
			sourceTree = "<group>";
		};
		C22607471CB3A6A300AC91BD /* Supporting Files */ = {
			isa = PBXGroup;
			children = (
				C22607481CB3A6A300AC91BD /* main.m */,
			);
			name = "Supporting Files";
			sourceTree = "<group>";
		};
		C22607601CB3A6A300AC91BD /* 侧滑删除Tests */ = {
			isa = PBXGroup;
			children = (
				C22607611CB3A6A300AC91BD /* ____Tests.m */,
				C22607631CB3A6A300AC91BD /* Info.plist */,
			);
			path = "侧滑删除Tests";
			sourceTree = "<group>";
		};
		C226076B1CB3A6A300AC91BD /* 侧滑删除UITests */ = {
			isa = PBXGroup;
			children = (
				C226076C1CB3A6A300AC91BD /* ____UITests.m */,
				C226076E1CB3A6A300AC91BD /* Info.plist */,
			);
			path = "侧滑删除UITests";
			sourceTree = "<group>";
		};
/* End PBXGroup section */

/* Begin PBXNativeTarget section */
		C22607431CB3A6A300AC91BD /* 侧滑删除 */ = {
			isa = PBXNativeTarget;
			buildConfigurationList = C22607711CB3A6A300AC91BD /* Build configuration list for PBXNativeTarget "侧滑删除" */;
			buildPhases = (
				C22607401CB3A6A300AC91BD /* Sources */,
				C22607411CB3A6A300AC91BD /* Frameworks */,
				C22607421CB3A6A300AC91BD /* Resources */,
			);
			buildRules = (
			);
			dependencies = (
			);
			name = "侧滑删除";
			productName = "侧滑删除";
			productReference = C22607441CB3A6A300AC91BD /* 侧滑删除.app */;
			productType = "com.apple.product-type.application";
		};
		C226075C1CB3A6A300AC91BD /* 侧滑删除Tests */ = {
			isa = PBXNativeTarget;
			buildConfigurationList = C22607741CB3A6A300AC91BD /* Build configuration list for PBXNativeTarget "侧滑删除Tests" */;
			buildPhases = (
				C22607591CB3A6A300AC91BD /* Sources */,
				C226075A1CB3A6A300AC91BD /* Frameworks */,
				C226075B1CB3A6A300AC91BD /* Resources */,
			);
			buildRules = (
			);
			dependencies = (
				C226075F1CB3A6A300AC91BD /* PBXTargetDependency */,
			);
			name = "侧滑删除Tests";
			productName = "侧滑删除Tests";
			productReference = C226075D1CB3A6A300AC91BD /* 侧滑删除Tests.xctest */;
			productType = "com.apple.product-type.bundle.unit-test";
		};
		C22607671CB3A6A300AC91BD /* 侧滑删除UITests */ = {
			isa = PBXNativeTarget;
			buildConfigurationList = C22607771CB3A6A300AC91BD /* Build configuration list for PBXNativeTarget "侧滑删除UITests" */;
			buildPhases = (
				C22607641CB3A6A300AC91BD /* Sources */,
				C22607651CB3A6A300AC91BD /* Frameworks */,
				C22607661CB3A6A300AC91BD /* Resources */,
			);
			buildRules = (
			);
			dependencies = (
				C226076A1CB3A6A300AC91BD /* PBXTargetDependency */,
			);
			name = "侧滑删除UITests";
			productName = "侧滑删除UITests";
			productReference = C22607681CB3A6A300AC91BD /* 侧滑删除UITests.xctest */;
			productType = "com.apple.product-type.bundle.ui-testing";
		};
/* End PBXNativeTarget section */

/* Begin PBXProject section */
		C226073C1CB3A6A300AC91BD /* Project object */ = {
			isa = PBXProject;
			attributes = {
				LastUpgradeCheck = 0720;
				ORGANIZATIONNAME = "shuai zhang";
				TargetAttributes = {
					C22607431CB3A6A300AC91BD = {
						CreatedOnToolsVersion = 7.2;
					};
					C226075C1CB3A6A300AC91BD = {
						CreatedOnToolsVersion = 7.2;
						TestTargetID = C22607431CB3A6A300AC91BD;
					};
					C22607671CB3A6A300AC91BD = {
						CreatedOnToolsVersion = 7.2;
						TestTargetID = C22607431CB3A6A300AC91BD;
					};
				};
			};
			buildConfigurationList = C226073F1CB3A6A300AC91BD /* Build configuration list for PBXProject "侧滑删除" */;
			compatibilityVersion = "Xcode 3.2";
			developmentRegion = English;
			hasScannedForEncodings = 0;
			knownRegions = (
				en,
				Base,
			);
			mainGroup = C226073B1CB3A6A300AC91BD;
			productRefGroup = C22607451CB3A6A300AC91BD /* Products */;
			projectDirPath = "";
			projectRoot = "";
			targets = (
				C22607431CB3A6A300AC91BD /* 侧滑删除 */,
				C226075C1CB3A6A300AC91BD /* 侧滑删除Tests */,
				C22607671CB3A6A300AC91BD /* 侧滑删除UITests */,
			);
		};
/* End PBXProject section */

/* Begin PBXResourcesBuildPhase section */
		C22607421CB3A6A300AC91BD /* Resources */ = {
			isa = PBXResourcesBuildPhase;
			buildActionMask = 2147483647;
			files = (
				C22607571CB3A6A300AC91BD /* LaunchScreen.storyboard in Resources */,
				C22607541CB3A6A300AC91BD /* Assets.xcassets in Resources */,
				C22607521CB3A6A300AC91BD /* Main.storyboard in Resources */,
			);
			runOnlyForDeploymentPostprocessing = 0;
		};
		C226075B1CB3A6A300AC91BD /* Resources */ = {
			isa = PBXResourcesBuildPhase;
			buildActionMask = 2147483647;
			files = (
			);
			runOnlyForDeploymentPostprocessing = 0;
		};
		C22607661CB3A6A300AC91BD /* Resources */ = {
			isa = PBXResourcesBuildPhase;
			buildActionMask = 2147483647;
			files = (
			);
			runOnlyForDeploymentPostprocessing = 0;
		};
/* End PBXResourcesBuildPhase section */

/* Begin PBXSourcesBuildPhase section */
		C22607401CB3A6A300AC91BD /* Sources */ = {
			isa = PBXSourcesBuildPhase;
			buildActionMask = 2147483647;
			files = (
				C226074F1CB3A6A300AC91BD /* ViewController.m in Sources */,
				C226074C1CB3A6A300AC91BD /* AppDelegate.m in Sources */,
				C22607491CB3A6A300AC91BD /* main.m in Sources */,
			);
			runOnlyForDeploymentPostprocessing = 0;
		};
		C22607591CB3A6A300AC91BD /* Sources */ = {
			isa = PBXSourcesBuildPhase;
			buildActionMask = 2147483647;
			files = (
				C22607621CB3A6A300AC91BD /* ____Tests.m in Sources */,
			);
			runOnlyForDeploymentPostprocessing = 0;
		};
		C22607641CB3A6A300AC91BD /* Sources */ = {
			isa = PBXSourcesBuildPhase;
			buildActionMask = 2147483647;
			files = (
				C226076D1CB3A6A300AC91BD /* ____UITests.m in Sources */,
			);
			runOnlyForDeploymentPostprocessing = 0;
		};
/* End PBXSourcesBuildPhase section */

/* Begin PBXTargetDependency section */
		C226075F1CB3A6A300AC91BD /* PBXTargetDependency */ = {
			isa = PBXTargetDependency;
			target = C22607431CB3A6A300AC91BD /* 侧滑删除 */;
			targetProxy = C226075E1CB3A6A300AC91BD /* PBXContainerItemProxy */;
		};
		C226076A1CB3A6A300AC91BD /* PBXTargetDependency */ = {
			isa = PBXTargetDependency;
			target = C22607431CB3A6A300AC91BD /* 侧滑删除 */;
			targetProxy = C22607691CB3A6A300AC91BD /* PBXContainerItemProxy */;
		};
/* End PBXTargetDependency section */

/* Begin PBXVariantGroup section */
		C22607501CB3A6A300AC91BD /* Main.storyboard */ = {
			isa = PBXVariantGroup;
			children = (
				C22607511CB3A6A300AC91BD /* Base */,
			);
			name = Main.storyboard;
			sourceTree = "<group>";
		};
		C22607551CB3A6A300AC91BD /* LaunchScreen.storyboard */ = {
			isa = PBXVariantGroup;
			children = (
				C22607561CB3A6A300AC91BD /* Base */,
			);
			name = LaunchScreen.storyboard;
			sourceTree = "<group>";
		};
/* End PBXVariantGroup section */

/* Begin XCBuildConfiguration section */
		C226076F1CB3A6A300AC91BD /* Debug */ = {
			isa = XCBuildConfiguration;
			buildSettings = {
				ALWAYS_SEARCH_USER_PATHS = NO;
				CLANG_CXX_LANGUAGE_STANDARD = "gnu++0x";
				CLANG_CXX_LIBRARY = "libc++";
				CLANG_ENABLE_MODULES = YES;
				CLANG_ENABLE_OBJC_ARC = YES;
				CLANG_WARN_BOOL_CONVERSION = YES;
				CLANG_WARN_CONSTANT_CONVERSION = YES;
				CLANG_WARN_DIRECT_OBJC_ISA_USAGE = YES_ERROR;
				CLANG_WARN_EMPTY_BODY = YES;
				CLANG_WARN_ENUM_CONVERSION = YES;
				CLANG_WARN_INT_CONVERSION = YES;
				CLANG_WARN_OBJC_ROOT_CLASS = YES_ERROR;
				CLANG_WARN_UNREACHABLE_CODE = YES;
				CLANG_WARN__DUPLICATE_METHOD_MATCH = YES;
				"CODE_SIGN_IDENTITY[sdk=iphoneos*]" = "iPhone Developer";
				COPY_PHASE_STRIP = NO;
				DEBUG_INFORMATION_FORMAT = dwarf;
				ENABLE_STRICT_OBJC_MSGSEND = YES;
				ENABLE_TESTABILITY = YES;
				GCC_C_LANGUAGE_STANDARD = gnu99;
				GCC_DYNAMIC_NO_PIC = NO;
				GCC_NO_COMMON_BLOCKS = YES;
				GCC_OPTIMIZATION_LEVEL = 0;
				GCC_PREPROCESSOR_DEFINITIONS = (
					"DEBUG=1",
					"$(inherited)",
				);
				GCC_WARN_64_TO_32_BIT_CONVERSION = YES;
				GCC_WARN_ABOUT_RETURN_TYPE = YES_ERROR;
				GCC_WARN_UNDECLARED_SELECTOR = YES;
				GCC_WARN_UNINITIALIZED_AUTOS = YES_AGGRESSIVE;
				GCC_WARN_UNUSED_FUNCTION = YES;
				GCC_WARN_UNUSED_VARIABLE = YES;
				IPHONEOS_DEPLOYMENT_TARGET = 9.2;
				MTL_ENABLE_DEBUG_INFO = YES;
				ONLY_ACTIVE_ARCH = YES;
				SDKROOT = iphoneos;
				TARGETED_DEVICE_FAMILY = "1,2";
			};
			name = Debug;
		};
		C22607701CB3A6A300AC91BD /* Release */ = {
			isa = XCBuildConfiguration;
			buildSettings = {
				ALWAYS_SEARCH_USER_PATHS = NO;
				CLANG_CXX_LANGUAGE_STANDARD = "gnu++0x";
				CLANG_CXX_LIBRARY = "libc++";
				CLANG_ENABLE_MODULES = YES;
				CLANG_ENABLE_OBJC_ARC = YES;
				CLANG_WARN_BOOL_CONVERSION = YES;
				CLANG_WARN_CONSTANT_CONVERSION = YES;
				CLANG_WARN_DIRECT_OBJC_ISA_USAGE = YES_ERROR;
				CLANG_WARN_EMPTY_BODY = YES;
				CLANG_WARN_ENUM_CONVERSION = YES;
				CLANG_WARN_INT_CONVERSION = YES;
				CLANG_WARN_OBJC_ROOT_CLASS = YES_ERROR;
				CLANG_WARN_UNREACHABLE_CODE = YES;
				CLANG_WARN__DUPLICATE_METHOD_MATCH = YES;
				"CODE_SIGN_IDENTITY[sdk=iphoneos*]" = "iPhone Developer";
				COPY_PHASE_STRIP = NO;
				DEBUG_INFORMATION_FORMAT = "dwarf-with-dsym";
				ENABLE_NS_ASSERTIONS = NO;
				ENABLE_STRICT_OBJC_MSGSEND = YES;
				GCC_C_LANGUAGE_STANDARD = gnu99;
				GCC_NO_COMMON_BLOCKS = YES;
				GCC_WARN_64_TO_32_BIT_CONVERSION = YES;
				GCC_WARN_ABOUT_RETURN_TYPE = YES_ERROR;
				GCC_WARN_UNDECLARED_SELECTOR = YES;
				GCC_WARN_UNINITIALIZED_AUTOS = YES_AGGRESSIVE;
				GCC_WARN_UNUSED_FUNCTION = YES;
				GCC_WARN_UNUSED_VARIABLE = YES;
				IPHONEOS_DEPLOYMENT_TARGET = 9.2;
				MTL_ENABLE_DEBUG_INFO = NO;
				SDKROOT = iphoneos;
				TARGETED_DEVICE_FAMILY = "1,2";
				VALIDATE_PRODUCT = YES;
			};
			name = Release;
		};
		C22607721CB3A6A300AC91BD /* Debug */ = {
			isa = XCBuildConfiguration;
			buildSettings = {
				ASSETCATALOG_COMPILER_APPICON_NAME = AppIcon;
				INFOPLIST_FILE = "侧滑删除/Info.plist";
				LD_RUNPATH_SEARCH_PATHS = "$(inherited) @executable_path/Frameworks";
				PRODUCT_BUNDLE_IDENTIFIER = "com.alan.Zhang.----";
				PRODUCT_NAME = "$(TARGET_NAME)";
			};
			name = Debug;
		};
		C22607731CB3A6A300AC91BD /* Release */ = {
			isa = XCBuildConfiguration;
			buildSettings = {
				ASSETCATALOG_COMPILER_APPICON_NAME = AppIcon;
				INFOPLIST_FILE = "侧滑删除/Info.plist";
				LD_RUNPATH_SEARCH_PATHS = "$(inherited) @executable_path/Frameworks";
				PRODUCT_BUNDLE_IDENTIFIER = "com.alan.Zhang.----";
				PRODUCT_NAME = "$(TARGET_NAME)";
			};
			name = Release;
		};
		C22607751CB3A6A300AC91BD /* Debug */ = {
			isa = XCBuildConfiguration;
			buildSettings = {
				BUNDLE_LOADER = "$(TEST_HOST)";
				INFOPLIST_FILE = "侧滑删除Tests/Info.plist";
				LD_RUNPATH_SEARCH_PATHS = "$(inherited) @executable_path/Frameworks @loader_path/Frameworks";
				PRODUCT_BUNDLE_IDENTIFIER = "com.alan.Zhang.----Tests";
				PRODUCT_NAME = "$(TARGET_NAME)";
				TEST_HOST = "$(BUILT_PRODUCTS_DIR)/侧滑删除.app/侧滑删除";
			};
			name = Debug;
		};
		C22607761CB3A6A300AC91BD /* Release */ = {
			isa = XCBuildConfiguration;
			buildSettings = {
				BUNDLE_LOADER = "$(TEST_HOST)";
				INFOPLIST_FILE = "侧滑删除Tests/Info.plist";
				LD_RUNPATH_SEARCH_PATHS = "$(inherited) @executable_path/Frameworks @loader_path/Frameworks";
				PRODUCT_BUNDLE_IDENTIFIER = "com.alan.Zhang.----Tests";
				PRODUCT_NAME = "$(TARGET_NAME)";
				TEST_HOST = "$(BUILT_PRODUCTS_DIR)/侧滑删除.app/侧滑删除";
			};
			name = Release;
		};
		C22607781CB3A6A300AC91BD /* Debug */ = {
			isa = XCBuildConfiguration;
			buildSettings = {
				INFOPLIST_FILE = "侧滑删除UITests/Info.plist";
				LD_RUNPATH_SEARCH_PATHS = "$(inherited) @executable_path/Frameworks @loader_path/Frameworks";
				PRODUCT_BUNDLE_IDENTIFIER = "com.alan.Zhang.----UITests";
				PRODUCT_NAME = "$(TARGET_NAME)";
				TEST_TARGET_NAME = "侧滑删除";
				USES_XCTRUNNER = YES;
			};
			name = Debug;
		};
		C22607791CB3A6A300AC91BD /* Release */ = {
			isa = XCBuildConfiguration;
			buildSettings = {
				INFOPLIST_FILE = "侧滑删除UITests/Info.plist";
				LD_RUNPATH_SEARCH_PATHS = "$(inherited) @executable_path/Frameworks @loader_path/Frameworks";
				PRODUCT_BUNDLE_IDENTIFIER = "com.alan.Zhang.----UITests";
				PRODUCT_NAME = "$(TARGET_NAME)";
				TEST_TARGET_NAME = "侧滑删除";
				USES_XCTRUNNER = YES;
			};
			name = Release;
		};
/* End XCBuildConfiguration section */

/* Begin XCConfigurationList section */
		C226073F1CB3A6A300AC91BD /* Build configuration list for PBXProject "侧滑删除" */ = {
			isa = XCConfigurationList;
			buildConfigurations = (
				C226076F1CB3A6A300AC91BD /* Debug */,
				C22607701CB3A6A300AC91BD /* Release */,
			);
			defaultConfigurationIsVisible = 0;
			defaultConfigurationName = Release;
		};
		C22607711CB3A6A300AC91BD /* Build configuration list for PBXNativeTarget "侧滑删除" */ = {
			isa = XCConfigurationList;
			buildConfigurations = (
				C22607721CB3A6A300AC91BD /* Debug */,
				C22607731CB3A6A300AC91BD /* Release */,
			);
			defaultConfigurationIsVisible = 0;
		};
		C22607741CB3A6A300AC91BD /* Build configuration list for PBXNativeTarget "侧滑删除Tests" */ = {
			isa = XCConfigurationList;
			buildConfigurations = (
				C22607751CB3A6A300AC91BD /* Debug */,
				C22607761CB3A6A300AC91BD /* Release */,
			);
			defaultConfigurationIsVisible = 0;
		};
		C22607771CB3A6A300AC91BD /* Build configuration list for PBXNativeTarget "侧滑删除UITests" */ = {
			isa = XCConfigurationList;
			buildConfigurations = (
				C22607781CB3A6A300AC91BD /* Debug */,
				C22607791CB3A6A300AC91BD /* Release */,
			);
			defaultConfigurationIsVisible = 0;
		};
/* End XCConfigurationList section */
	};
	rootObject = C226073C1CB3A6A300AC91BD /* Project object */;
}
